// !$*UTF8*$!
{
	archiveVersion = 1;
	classes = {
	};
	objectVersion = 46;
	objects = {

/* Begin PBXBuildFile section */
		CD56E21B1EA6D17400F16794 /* main.c in Sources */ = {isa = PBXBuildFile; fileRef = CD56E21A1EA6D17400F16794 /* main.c */; };
		CD56E2241EA6D1F000F16794 /* doubleLL.c in Sources */ = {isa = PBXBuildFile; fileRef = CD56E2231EA6D1F000F16794 /* doubleLL.c */; };
/* End PBXBuildFile section */

/* Begin PBXCopyFilesBuildPhase section */
		CD56E2151EA6D17400F16794 /* CopyFiles */ = {
			isa = PBXCopyFilesBuildPhase;
			buildActionMask = 2147483647;
			dstPath = /usr/share/man/man1/;
			dstSubfolderSpec = 0;
			files = (
			);
			runOnlyForDeploymentPostprocessing = 1;
		};
/* End PBXCopyFilesBuildPhase section */

/* Begin PBXFileReference section */
		CD56E2171EA6D17400F16794 /* DoubleLinkedList */ = {isa = PBXFileReference; explicitFileType = "compiled.mach-o.executable"; includeInIndex = 0; path = DoubleLinkedList; sourceTree = BUILT_PRODUCTS_DIR; };
		CD56E21A1EA6D17400F16794 /* main.c */ = {isa = PBXFileReference; lastKnownFileType = sourcecode.c.c; path = main.c; sourceTree = "<group>"; };
		CD56E2221EA6D1AF00F16794 /* doubleLL.h */ = {isa = PBXFileReference; lastKnownFileType = sourcecode.c.h; path = doubleLL.h; sourceTree = "<group>"; };
		CD56E2231EA6D1F000F16794 /* doubleLL.c */ = {isa = PBXFileReference; fileEncoding = 4; lastKnownFileType = sourcecode.c.c; path = doubleLL.c; sourceTree = "<group>"; };
/* End PBXFileReference section */

/* Begin PBXFrameworksBuildPhase section */
		CD56E2141EA6D17400F16794 /* Frameworks */ = {
			isa = PBXFrameworksBuildPhase;
			buildActionMask = 2147483647;
			files = (
			);
			runOnlyForDeploymentPostprocessing = 0;
		};
/* End PBXFrameworksBuildPhase section */

/* Begin PBXGroup section */
		CD56E20E1EA6D17400F16794 = {
			isa = PBXGroup;
			children = (
				CD56E2191EA6D17400F16794 /* DoubleLinkedList */,
				CD56E2181EA6D17400F16794 /* Products */,
			);
			sourceTree = "<group>";
		};
		CD56E2181EA6D17400F16794 /* Products */ = {
			isa = PBXGroup;
			children = (
				CD56E2171EA6D17400F16794 /* DoubleLinkedList */,
			);
			name = Products;
			sourceTree = "<group>";
		};
		CD56E2191EA6D17400F16794 /* DoubleLinkedList */ = {
			isa = PBXGroup;
			children = (
				CD56E21A1EA6D17400F16794 /* main.c */,
				CD56E2221EA6D1AF00F16794 /* doubleLL.h */,
				CD56E2231EA6D1F000F16794 /* doubleLL.c */,
			);
			path = DoubleLinkedList;
			sourceTree = "<group>";
		};
/* End PBXGroup section */

/* Begin PBXNativeTarget section */
		CD56E2161EA6D17400F16794 /* DoubleLinkedList */ = {
			isa = PBXNativeTarget;
			buildConfigurationList = CD56E21E1EA6D17400F16794 /* Build configuration list for PBXNativeTarget "DoubleLinkedList" */;
			buildPhases = (
				CD56E2131EA6D17400F16794 /* Sources */,
				CD56E2141EA6D17400F16794 /* Frameworks */,
				CD56E2151EA6D17400F16794 /* CopyFiles */,
			);
			buildRules = (
			);
			dependencies = (
			);
			name = DoubleLinkedList;
			productName = DoubleLinkedList;
			productReference = CD56E2171EA6D17400F16794 /* DoubleLinkedList */;
			productType = "com.apple.product-type.tool";
		};
/* End PBXNativeTarget section */

/* Begin PBXProject section */
		CD56E20F1EA6D17400F16794 /* Project object */ = {
			isa = PBXProject;
			attributes = {
				LastUpgradeCheck = 0830;
				ORGANIZATIONNAME = kvhq;
				TargetAttributes = {
					CD56E2161EA6D17400F16794 = {
						CreatedOnToolsVersion = 8.3.1;
						ProvisioningStyle = Automatic;
					};
				};
			};
			buildConfigurationList = CD56E2121EA6D17400F16794 /* Build configuration list for PBXProject "DoubleLinkedList" */;
			compatibilityVersion = "Xcode 3.2";
			developmentRegion = English;
			hasScannedForEncodings = 0;
			knownRegions = (
				en,
			);
			mainGroup = CD56E20E1EA6D17400F16794;
			productRefGroup = CD56E2181EA6D17400F16794 /* Products */;
			projectDirPath = "";
			projectRoot = "";
			targets = (
				CD56E2161EA6D17400F16794 /* DoubleLinkedList */,
			);
		};
/* End PBXProject section */

/* Begin PBXSourcesBuildPhase section */
		CD56E2131EA6D17400F16794 /* Sources */ = {
			isa = PBXSourcesBuildPhase;
			buildActionMask = 2147483647;
			files = (
				CD56E2241EA6D1F000F16794 /* doubleLL.c in Sources */,
				CD56E21B1EA6D17400F16794 /* main.c in Sources */,
			);
			runOnlyForDeploymentPostprocessing = 0;
		};
/* End PBXSourcesBuildPhase section */

/* Begin XCBuildConfiguration section */
		CD56E21C1EA6D17400F16794 /* Debug */ = {
			isa = XCBuildConfiguration;
			buildSettings = {
				ALWAYS_SEARCH_USER_PATHS = NO;
				CLANG_ANALYZER_NONNULL = YES;
				CLANG_ANALYZER_NUMBER_OBJECT_CONVERSION = YES_AGGRESSIVE;
				CLANG_CXX_LANGUAGE_STANDARD = "gnu++0x";
				CLANG_CXX_LIBRARY = "libc++";
				CLANG_ENABLE_MODULES = YES;
				CLANG_ENABLE_OBJC_ARC = YES;
				CLANG_WARN_BOOL_CONVERSION = YES;
				CLANG_WARN_CONSTANT_CONVERSION = YES;
				CLANG_WARN_DIRECT_OBJC_ISA_USAGE = YES_ERROR;
				CLANG_WARN_DOCUMENTATION_COMMENTS = YES;
				CLANG_WARN_EMPTY_BODY = YES;
				CLANG_WARN_ENUM_CONVERSION = YES;
				CLANG_WARN_INFINITE_RECURSION = YES;
				CLANG_WARN_INT_CONVERSION = YES;
				CLANG_WARN_OBJC_ROOT_CLASS = YES_ERROR;
				CLANG_WARN_SUSPICIOUS_MOVE = YES;
				CLANG_WARN_UNREACHABLE_CODE = YES;
				CLANG_WARN__DUPLICATE_METHOD_MATCH = YES;
				CODE_SIGN_IDENTITY = "-";
				COPY_PHASE_STRIP = NO;
				DEBUG_INFORMATION_FORMAT = dwarf;
				ENABLE_STRICT_OBJC_MSGSEND = YES;
				ENABLE_TESTABILITY = YES;
				GCC_C_LANGUAGE_STANDARD = gnu99;
				GCC_DYNAMIC_NO_PIC = NO;
				GCC_NO_COMMON_BLOCKS = YES;
				GCC_OPTIMIZATION_LEVEL = 0;
				GCC_PREPROCESSOR_DEFINITIONS = (
					"DEBUG=1",
					"$(inherited)",
				);
				GCC_WARN_64_TO_32_BIT_CONVERSION = YES;
				GCC_WARN_ABOUT_RETURN_TYPE = YES_ERROR;
				GCC_WARN_UNDECLARED_SELECTOR = YES;
				GCC_WARN_UNINITIALIZED_AUTOS = YES_AGGRESSIVE;
				GCC_WARN_UNUSED_FUNCTION = YES;
				GCC_WARN_UNUSED_VARIABLE = YES;
				MACOSX_DEPLOYMENT_TARGET = 10.12;
				MTL_ENABLE_DEBUG_INFO = YES;
				ONLY_ACTIVE_ARCH = YES;
				SDKROOT = macosx;
			};
			name = Debug;
		};
		CD56E21D1EA6D17400F16794 /* Release */ = {
			isa = XCBuildConfiguration;
			buildSettings = {
				ALWAYS_SEARCH_USER_PATHS = NO;
				CLANG_ANALYZER_NONNULL = YES;
				CLANG_ANALYZER_NUMBER_OBJECT_CONVERSION = YES_AGGRESSIVE;
				CLANG_CXX_LANGUAGE_STANDARD = "gnu++0x";
				CLANG_CXX_LIBRARY = "libc++";
				CLANG_ENABLE_MODULES = YES;
				CLANG_ENABLE_OBJC_ARC = YES;
				CLANG_WARN_BOOL_CONVERSION = YES;
				CLANG_WARN_CONSTANT_CONVERSION = YES;
				CLANG_WARN_DIRECT_OBJC_ISA_USAGE = YES_ERROR;
				CLANG_WARN_DOCUMENTATION_COMMENTS = YES;
				CLANG_WARN_EMPTY_BODY = YES;
				CLANG_WARN_ENUM_CONVERSION = YES;
				CLANG_WARN_INFINITE_RECURSION = YES;
				CLANG_WARN_INT_CONVERSION = YES;
				CLANG_WARN_OBJC_ROOT_CLASS = YES_ERROR;
				CLANG_WARN_SUSPICIOUS_MOVE = YES;
				CLANG_WARN_UNREACHABLE_CODE = YES;
				CLANG_WARN__DUPLICATE_METHOD_MATCH = YES;
				CODE_SIGN_IDENTITY = "-";
				COPY_PHASE_STRIP = NO;
				DEBUG_INFORMATION_FORMAT = "dwarf-with-dsym";
				ENABLE_NS_ASSERTIONS = NO;
				ENABLE_STRICT_OBJC_MSGSEND = YES;
				GCC_C_LANGUAGE_STANDARD = gnu99;
				GCC_NO_COMMON_BLOCKS = YES;
				GCC_WARN_64_TO_32_BIT_CONVERSION = YES;
				GCC_WARN_ABOUT_RETURN_TYPE = YES_ERROR;
				GCC_WARN_UNDECLARED_SELECTOR = YES;
				GCC_WARN_UNINITIALIZED_AUTOS = YES_AGGRESSIVE;
				GCC_WARN_UNUSED_FUNCTION = YES;
				GCC_WARN_UNUSED_VARIABLE = YES;
				MACOSX_DEPLOYMENT_TARGET = 10.12;
				MTL_ENABLE_DEBUG_INFO = NO;
				SDKROOT = macosx;
			};
			name = Release;
		};
		CD56E21F1EA6D17400F16794 /* Debug */ = {
			isa = XCBuildConfiguration;
			buildSettings = {
				PRODUCT_NAME = "$(TARGET_NAME)";
			};
			name = Debug;
		};
		CD56E2201EA6D17400F16794 /* Release */ = {
			isa = XCBuildConfiguration;
			buildSettings = {
				PRODUCT_NAME = "$(TARGET_NAME)";
			};
			name = Release;
		};
/* End XCBuildConfiguration section */

/* Begin XCConfigurationList section */
		CD56E2121EA6D17400F16794 /* Build configuration list for PBXProject "DoubleLinkedList" */ = {
			isa = XCConfigurationList;
			buildConfigurations = (
				CD56E21C1EA6D17400F16794 /* Debug */,
				CD56E21D1EA6D17400F16794 /* Release */,
			);
			defaultConfigurationIsVisible = 0;
			defaultConfigurationName = Release;
		};
		CD56E21E1EA6D17400F16794 /* Build configuration list for PBXNativeTarget "DoubleLinkedList" */ = {
			isa = XCConfigurationList;
			buildConfigurations = (
				CD56E21F1EA6D17400F16794 /* Debug */,
				CD56E2201EA6D17400F16794 /* Release */,
			);
			defaultConfigurationIsVisible = 0;
		};
/* End XCConfigurationList section */
	};
	rootObject = CD56E20F1EA6D17400F16794 /* Project object */;
}
